
Microsoft Visual Studio Solution File, Format Version 12.00
# Visual Studio Version 16
VisualStudioVersion = 16.0.29209.62
MinimumVisualStudioVersion = 10.0.40219.1
Project("{FAE04EC0-301F-11D3-BF4B-00C04F79EFBC}") = "AzureCICD", "AzureCICD.csproj", "{0FD1BDBD-FD94-4150-ADAB-8A5BDB474176}"
EndProject
Global
	GlobalSection(SolutionConfigurationPlatforms) = preSolution
		Debug|Any CPU = Debug|Any CPU
		Release|Any CPU = Release|Any CPU
	EndGlobalSection
	GlobalSection(ProjectConfigurationPlatforms) = postSolution
		{0FD1BDBD-FD94-4150-ADAB-8A5BDB474176}.Debug|Any CPU.ActiveCfg = Debug|Any CPU
		{0FD1BDBD-FD94-4150-ADAB-8A5BDB474176}.Debug|Any CPU.Build.0 = Debug|Any CPU
		{0FD1BDBD-FD94-4150-ADAB-8A5BDB474176}.Release|Any CPU.ActiveCfg = Release|Any CPU
		{0FD1BDBD-FD94-4150-ADAB-8A5BDB474176}.Release|Any CPU.Build.0 = Release|Any CPU
	EndGlobalSection
	GlobalSection(SolutionProperties) = preSolution
		HideSolutionNode = FALSE
	EndGlobalSection
	GlobalSection(ExtensibilityGlobals) = postSolution
		SolutionGuid = {BD07D870-4B8F-429A-92D3-135A7E8FE7E9}
	EndGlobalSection
EndGlobal
